
Microsoft Visual Studio Solution File, Format Version 12.00
# Visual Studio 15
VisualStudioVersion = 15.0.27428.2002
MinimumVisualStudioVersion = 10.0.40219.1
Project("{FAE04EC0-301F-11D3-BF4B-00C04F79EFBC}") = "GerardoUniversity", "GerardoUniversity\GerardoUniversity.csproj", "{836E04B3-A20E-4176-8572-817C6D622213}"
EndProject
Project("{00D1A9C2-B5F0-4AF3-8072-F6C62B433612}") = "DatabaseUniversity", "DatabaseUniversity\DatabaseUniversity.sqlproj", "{7BE378A9-B690-4C2D-B056-FC9EE5272DD0}"
EndProject
Global
	GlobalSection(SolutionConfigurationPlatforms) = preSolution
		Debug|Any CPU = Debug|Any CPU
		Release|Any CPU = Release|Any CPU
	EndGlobalSection
	GlobalSection(ProjectConfigurationPlatforms) = postSolution
		{836E04B3-A20E-4176-8572-817C6D622213}.Debug|Any CPU.ActiveCfg = Debug|Any CPU
		{836E04B3-A20E-4176-8572-817C6D622213}.Debug|Any CPU.Build.0 = Debug|Any CPU
		{836E04B3-A20E-4176-8572-817C6D622213}.Release|Any CPU.ActiveCfg = Release|Any CPU
		{836E04B3-A20E-4176-8572-817C6D622213}.Release|Any CPU.Build.0 = Release|Any CPU
		{7BE378A9-B690-4C2D-B056-FC9EE5272DD0}.Debug|Any CPU.ActiveCfg = Debug|Any CPU
		{7BE378A9-B690-4C2D-B056-FC9EE5272DD0}.Debug|Any CPU.Build.0 = Debug|Any CPU
		{7BE378A9-B690-4C2D-B056-FC9EE5272DD0}.Debug|Any CPU.Deploy.0 = Debug|Any CPU
		{7BE378A9-B690-4C2D-B056-FC9EE5272DD0}.Release|Any CPU.ActiveCfg = Release|Any CPU
		{7BE378A9-B690-4C2D-B056-FC9EE5272DD0}.Release|Any CPU.Build.0 = Release|Any CPU
		{7BE378A9-B690-4C2D-B056-FC9EE5272DD0}.Release|Any CPU.Deploy.0 = Release|Any CPU
	EndGlobalSection
	GlobalSection(SolutionProperties) = preSolution
		HideSolutionNode = FALSE
	EndGlobalSection
	GlobalSection(ExtensibilityGlobals) = postSolution
		SolutionGuid = {D86F8463-D91A-49B0-97ED-C527FD0D12DD}
	EndGlobalSection
EndGlobal
